
Microsoft Visual Studio Solution File, Format Version 10.00
# Visual Studio 2008
Project("{8BC9CEB8-8B4A-11D0-8D11-00A0C91BC942}") = "NtQueryInfoProc_hook_detection", "NtQueryInfoProc_hook_detection.vcproj", "{1CCFFFD3-7351-4ADF-9B3D-60F500784D4F}"
EndProject
Global
	GlobalSection(SolutionConfigurationPlatforms) = preSolution
		Debug|Win32 = Debug|Win32
		Release|Win32 = Release|Win32
	EndGlobalSection
	GlobalSection(ProjectConfigurationPlatforms) = postSolution
		{1CCFFFD3-7351-4ADF-9B3D-60F500784D4F}.Debug|Win32.ActiveCfg = Debug|Win32
		{1CCFFFD3-7351-4ADF-9B3D-60F500784D4F}.Debug|Win32.Build.0 = Debug|Win32
		{1CCFFFD3-7351-4ADF-9B3D-60F500784D4F}.Release|Win32.ActiveCfg = Release|Win32
		{1CCFFFD3-7351-4ADF-9B3D-60F500784D4F}.Release|Win32.Build.0 = Release|Win32
	EndGlobalSection
	GlobalSection(SolutionProperties) = preSolution
		HideSolutionNode = FALSE
	EndGlobalSection
EndGlobal
