
Microsoft Visual Studio Solution File, Format Version 9.00
# Visual Studio 2005
Project("{8BC9CEB8-8B4A-11D0-8D11-00A0C91BC942}") = "PeLoader", "PeLoader.vcproj", "{66FEA18E-D46F-48C0-BDA5-64C5372D67AE}"
EndProject
Global
	GlobalSection(SolutionConfigurationPlatforms) = preSolution
		Debug|Win32 = Debug|Win32
		Release|Win32 = Release|Win32
	EndGlobalSection
	GlobalSection(ProjectConfigurationPlatforms) = postSolution
		{66FEA18E-D46F-48C0-BDA5-64C5372D67AE}.Debug|Win32.ActiveCfg = Debug|Win32
		{66FEA18E-D46F-48C0-BDA5-64C5372D67AE}.Debug|Win32.Build.0 = Debug|Win32
		{66FEA18E-D46F-48C0-BDA5-64C5372D67AE}.Release|Win32.ActiveCfg = Release|Win32
		{66FEA18E-D46F-48C0-BDA5-64C5372D67AE}.Release|Win32.Build.0 = Release|Win32
	EndGlobalSection
	GlobalSection(SolutionProperties) = preSolution
		HideSolutionNode = FALSE
	EndGlobalSection
EndGlobal
