
Microsoft Visual Studio Solution File, Format Version 10.00
# Visual Studio 2008
Project("{8BC9CEB8-8B4A-11D0-8D11-00A0C91BC942}") = "xadt_SofticeServicesTest", "xadt_SofticeServicesTest.vcproj", "{94A9192B-1834-46A6-9C50-C8E0C272270B}"
EndProject
Global
	GlobalSection(SolutionConfigurationPlatforms) = preSolution
		Debug|Win32 = Debug|Win32
		Release|Win32 = Release|Win32
	EndGlobalSection
	GlobalSection(ProjectConfigurationPlatforms) = postSolution
		{94A9192B-1834-46A6-9C50-C8E0C272270B}.Debug|Win32.ActiveCfg = Debug|Win32
		{94A9192B-1834-46A6-9C50-C8E0C272270B}.Debug|Win32.Build.0 = Debug|Win32
		{94A9192B-1834-46A6-9C50-C8E0C272270B}.Release|Win32.ActiveCfg = Release|Win32
		{94A9192B-1834-46A6-9C50-C8E0C272270B}.Release|Win32.Build.0 = Release|Win32
	EndGlobalSection
	GlobalSection(SolutionProperties) = preSolution
		HideSolutionNode = FALSE
	EndGlobalSection
EndGlobal
